version = 1
revision = 3
requires-python = ">=3.14"

[[package]]
name = "codecrafters-shell"
version = "0.1.0"
source = { virtual = "." }
dependencies = [
    { name = "pyrefly" },
]

[package.metadata]
requires-dist = [{ name = "pyrefly", specifier = ">=1.3.0" }]

[[package]]
name = "pyrefly"
version = "1.3.0"
source = { registry = "https://pypi.org/simple" }
sdist = { url = "https://files.pythonhosted.org/packages/7d/82/df301034ff7705b51ab212039958910434e1e9bd4765cde435538221fc35/pyrefly-1.3.0.tar.gz", hash = "sha256:e96a0bf3abdc41cf40f7d2ef274bb610f4e6e4b387b366aea102902839073388", size = 6678024, upload-time = "2026-09-11T00:41:37.196Z" }
wheels = [
    { url = "https://files.pythonhosted.org/packages/36/98/47bf19b6caef77852c7e1c03d71ef48a5f452bf041503d883e0bca6fc4c8/pyrefly-1.3.0-py3-none-macosx_10_12_x86_64.whl", hash = "sha256:dd6c61e4c307eaaf3cf25fb329c4e7c9ff0376c42d5900362be2fd3333578a69", size = 15088089, upload-time = "2026-09-11T00:41:11.046Z" },
    { url = "https://files.pythonhosted.org/packages/4c/77/454615aa5db04903c99ced321295e32242c4b188be1a08f40b617ed72984/pyrefly-1.3.0-py3-none-macosx_11_0_arm64.whl", hash = "sha256:14c56defaa804747f18e03d11b539e71b71c8251a2b9f58e73dea80e2f6adfd9", size = 14431422, upload-time = "2026-09-11T00:41:13.61Z" },
    { url = "https://files.pythonhosted.org/packages/01/f2/142e190b9432f802682b0b0794f71e2010e936de0541492cc43678d647af/pyrefly-1.3.0-py3-none-manylinux_2_17_aarch64.manylinux2014_aarch64.whl", hash = "sha256:64285b1261681933f97cb11f3ba2e4445ff02a266707e4e2b7a279db0424c9f2", size = 14880659, upload-time = "2026-09-11T00:41:15.947Z" },
    { url = "https://files.pythonhosted.org/packages/d9/2f/60598fe38f29f22d11d9f4b5c7fee1cbbb0d5b0cb7db6b373761d57f5f75/pyrefly-1.3.0-py3-none-manylinux_2_17_i686.manylinux2014_i686.whl", hash = "sha256:46a90d6e48415dfa5d8d9c94ea5b9b61d7149dab87348952f2e000cf45145664", size = 16116073, upload-time = "2026-09-11T00:41:18.547Z" },
    { url = "https://files.pythonhosted.org/packages/c2/0a/33e49756fe3341dbb13789622cb8c9b6350d2710ceb47b8b0521f134ceea/pyrefly-1.3.0-py3-none-manylinux_2_17_ppc64le.manylinux2014_ppc64le.whl", hash = "sha256:e0cc33b35204b8e1b09396313024580d25a041de2f2f527e6496fc099282b967", size = 16049648, upload-time = "2026-09-11T00:41:21.255Z" },
    { url = "https://files.pythonhosted.org/packages/b0/fe/be59429726af4c0c3585951a937232d957182364cd2a621f74f4298a176e/pyrefly-1.3.0-py3-none-manylinux_2_17_x86_64.manylinux2014_x86_64.whl", hash = "sha256:e94ff692911596d257462320a2ef1435c93c20c80d631404961282f4cc22a6cc", size = 15439725, upload-time = "2026-09-11T00:41:23.572Z" },
    { url = "https://files.pythonhosted.org/packages/2b/73/bb834e88afea6c0de6960be2102c0cc1d817193c1efc3f6db9b450df191c/pyrefly-1.3.0-py3-none-musllinux_1_2_aarch64.whl", hash = "sha256:5705bec5438aa4e3b65b0d2ea7613f6bdbdc57f8848bd4b7940bbab37f230d8c", size = 14900386, upload-time = "2026-09-11T00:41:25.717Z" },
    { url = "https://files.pythonhosted.org/packages/c7/64/1adbc6ece9090bbd2e4ed1300918ab709166119426a21102639912ea65bb/pyrefly-1.3.0-py3-none-musllinux_1_2_x86_64.whl", hash = "sha256:fe60cb6d7cdf6c9bb236c0a7efc4b9839cfe7ef834b07d637862f95a642699ef", size = 15478065, upload-time = "2026-09-11T00:41:28.049Z" },
    { url = "https://files.pythonhosted.org/packages/d0/5c/e1351611d2e205718394237381220ab70f0e21cb297db024eafead19acf9/pyrefly-1.3.0-py3-none-win32.whl", hash = "sha256:4fb4cd5e5007e99208e44f749edaf37a03c0a56c98da7422c2dd60fde0f294b0", size = 14130445, upload-time = "2026-09-11T00:41:30.401Z" },
    { url = "https://files.pythonhosted.org/packages/3c/92/1d78e2ab1f9f1055ea43164d336903c95e608bede06ed182dc4b4f2c5390/pyrefly-1.3.0-py3-none-win_amd64.whl", hash = "sha256:f809fa5b447012adb8861efeb8f6435146788a39d9251d79dc38731a5d241893", size = 15067598, upload-time = "2026-09-11T00:41:32.582Z" },
    { url = "https://files.pythonhosted.org/packages/b3/6f/459f56dc345c32f8597acef13675e7e67679fb56bc3fd8f0a280eaeb8c02/pyrefly-1.3.0-py3-none-win_arm64.whl", hash = "sha256:3a3fb7c07dfb9b43d4205d8e85a83aaefc85377d0437dc8469c132836a8a7e5d", size = 14347403, upload-time = "2026-09-11T00:41:35.01Z" },
]
